
Microsoft Visual Studio Solution File, Format Version 12.00
# Visual Studio Version 16
VisualStudioVersion = 16.0.31005.135
MinimumVisualStudioVersion = 10.0.40219.1
Project("{FAE04EC0-301F-11D3-BF4B-00C04F79EFBC}") = "testPostgreSQL", "testPostgreSQL\testPostgreSQL.csproj", "{0ED00B6C-B03D-4D72-BC49-EE998F5B6CBD}"
EndProject
Global
	GlobalSection(SolutionConfigurationPlatforms) = preSolution
		Debug|Any CPU = Debug|Any CPU
		Release|Any CPU = Release|Any CPU
	EndGlobalSection
	GlobalSection(ProjectConfigurationPlatforms) = postSolution
		{0ED00B6C-B03D-4D72-BC49-EE998F5B6CBD}.Debug|Any CPU.ActiveCfg = Debug|Any CPU
		{0ED00B6C-B03D-4D72-BC49-EE998F5B6CBD}.Debug|Any CPU.Build.0 = Debug|Any CPU
		{0ED00B6C-B03D-4D72-BC49-EE998F5B6CBD}.Release|Any CPU.ActiveCfg = Release|Any CPU
		{0ED00B6C-B03D-4D72-BC49-EE998F5B6CBD}.Release|Any CPU.Build.0 = Release|Any CPU
	EndGlobalSection
	GlobalSection(SolutionProperties) = preSolution
		HideSolutionNode = FALSE
	EndGlobalSection
	GlobalSection(ExtensibilityGlobals) = postSolution
		SolutionGuid = {E44CD906-268C-49A6-9F3A-9BDA14CAC05D}
	EndGlobalSection
EndGlobal
